
Microsoft Visual Studio Solution File, Format Version 12.00
# Visual Studio 15
VisualStudioVersion = 15.0.27703.2000
MinimumVisualStudioVersion = 10.0.40219.1
Project("{FAE04EC0-301F-11D3-BF4B-00C04F79EFBC}") = "SPTEditor", "SPTEditor\SPTEditor.csproj", "{E5EC7800-AF30-42D4-A1F0-77DF3AEB3F7C}"
EndProject
Global
	GlobalSection(SolutionConfigurationPlatforms) = preSolution
		Debug|Any CPU = Debug|Any CPU
		Release|Any CPU = Release|Any CPU
	EndGlobalSection
	GlobalSection(ProjectConfigurationPlatforms) = postSolution
		{E5EC7800-AF30-42D4-A1F0-77DF3AEB3F7C}.Debug|Any CPU.ActiveCfg = Debug|Any CPU
		{E5EC7800-AF30-42D4-A1F0-77DF3AEB3F7C}.Debug|Any CPU.Build.0 = Debug|Any CPU
		{E5EC7800-AF30-42D4-A1F0-77DF3AEB3F7C}.Release|Any CPU.ActiveCfg = Release|Any CPU
		{E5EC7800-AF30-42D4-A1F0-77DF3AEB3F7C}.Release|Any CPU.Build.0 = Release|Any CPU
	EndGlobalSection
	GlobalSection(SolutionProperties) = preSolution
		HideSolutionNode = FALSE
	EndGlobalSection
	GlobalSection(ExtensibilityGlobals) = postSolution
		SolutionGuid = {4B0E7310-D501-42CA-B688-1EC2A391B83E}
	EndGlobalSection
EndGlobal
